
Microsoft Visual Studio Solution File, Format Version 12.00
# Visual Studio 15
VisualStudioVersion = 15.0.28307.168
MinimumVisualStudioVersion = 10.0.40219.1
Project("{FAE04EC0-301F-11D3-BF4B-00C04F79EFBC}") = "pr2", "pr2\pr2.csproj", "{BDC6AD3D-B9A3-4BDF-B278-9840FB34AF67}"
EndProject
Global
	GlobalSection(SolutionConfigurationPlatforms) = preSolution
		Debug|Any CPU = Debug|Any CPU
		Release|Any CPU = Release|Any CPU
	EndGlobalSection
	GlobalSection(ProjectConfigurationPlatforms) = postSolution
		{BDC6AD3D-B9A3-4BDF-B278-9840FB34AF67}.Debug|Any CPU.ActiveCfg = Debug|Any CPU
		{BDC6AD3D-B9A3-4BDF-B278-9840FB34AF67}.Debug|Any CPU.Build.0 = Debug|Any CPU
		{BDC6AD3D-B9A3-4BDF-B278-9840FB34AF67}.Release|Any CPU.ActiveCfg = Release|Any CPU
		{BDC6AD3D-B9A3-4BDF-B278-9840FB34AF67}.Release|Any CPU.Build.0 = Release|Any CPU
	EndGlobalSection
	GlobalSection(SolutionProperties) = preSolution
		HideSolutionNode = FALSE
	EndGlobalSection
	GlobalSection(ExtensibilityGlobals) = postSolution
		SolutionGuid = {39405535-3C6F-45A6-A27A-D640B948F771}
	EndGlobalSection
EndGlobal
